{
  "name": "privy-funding-report",
  "version": "1.0.0",
  "lockfileVersion": 3,
  "requires": true,
  "packages": {
    "": {
      "name": "privy-funding-report",
      "version": "1.0.0",
      "license": "MIT",
      "bin": {
        "privy-funding-report": "bin/cli.mjs",
        "swype-privy-funding-report": "bin/cli.mjs"
      },
      "engines": {
        "node": ">=18.0.0"
      }
    }
  }
}
